
Microsoft Visual Studio Solution File, Format Version 11.00
# Visual Studio 2010
Project("{FAE04EC0-301F-11D3-BF4B-00C04F79EFBC}") = "MvcKnockOut", "MvcKnockOut\MvcKnockOut.csproj", "{407B4E5E-424F-4AF5-9A64-37E1A98F7E29}"
EndProject
Project("{FAE04EC0-301F-11D3-BF4B-00C04F79EFBC}") = "SportService", "SportService\SportService.csproj", "{320C9CB0-CEB6-4EF6-A8F9-8CBADC6EE50E}"
EndProject
Project("{FAE04EC0-301F-11D3-BF4B-00C04F79EFBC}") = "EasyStart", "EasyStart\EasyStart.csproj", "{D9E16CCE-8555-4E9E-B941-F30532B0DC9C}"
EndProject
Global
	GlobalSection(SolutionConfigurationPlatforms) = preSolution
		Debug|Any CPU = Debug|Any CPU
		Release|Any CPU = Release|Any CPU
	EndGlobalSection
	GlobalSection(ProjectConfigurationPlatforms) = postSolution
		{407B4E5E-424F-4AF5-9A64-37E1A98F7E29}.Debug|Any CPU.ActiveCfg = Debug|Any CPU
		{407B4E5E-424F-4AF5-9A64-37E1A98F7E29}.Debug|Any CPU.Build.0 = Debug|Any CPU
		{407B4E5E-424F-4AF5-9A64-37E1A98F7E29}.Release|Any CPU.ActiveCfg = Release|Any CPU
		{407B4E5E-424F-4AF5-9A64-37E1A98F7E29}.Release|Any CPU.Build.0 = Release|Any CPU
		{320C9CB0-CEB6-4EF6-A8F9-8CBADC6EE50E}.Debug|Any CPU.ActiveCfg = Debug|Any CPU
		{320C9CB0-CEB6-4EF6-A8F9-8CBADC6EE50E}.Debug|Any CPU.Build.0 = Debug|Any CPU
		{320C9CB0-CEB6-4EF6-A8F9-8CBADC6EE50E}.Release|Any CPU.ActiveCfg = Release|Any CPU
		{320C9CB0-CEB6-4EF6-A8F9-8CBADC6EE50E}.Release|Any CPU.Build.0 = Release|Any CPU
		{D9E16CCE-8555-4E9E-B941-F30532B0DC9C}.Debug|Any CPU.ActiveCfg = Debug|Any CPU
		{D9E16CCE-8555-4E9E-B941-F30532B0DC9C}.Debug|Any CPU.Build.0 = Debug|Any CPU
		{D9E16CCE-8555-4E9E-B941-F30532B0DC9C}.Release|Any CPU.ActiveCfg = Release|Any CPU
		{D9E16CCE-8555-4E9E-B941-F30532B0DC9C}.Release|Any CPU.Build.0 = Release|Any CPU
	EndGlobalSection
	GlobalSection(SolutionProperties) = preSolution
		HideSolutionNode = FALSE
	EndGlobalSection
EndGlobal
